
Microsoft Visual Studio Solution File, Format Version 12.00
# Visual Studio 14
VisualStudioVersion = 14.0.25420.1
MinimumVisualStudioVersion = 10.0.40219.1
Project("{2150E333-8FDC-42A3-9474-1A3956D46DE8}") = "InvadersWindowsStoreApp", "InvadersWindowsStoreApp", "{B6F8D2F0-93D3-4877-B014-D154007F4919}"
EndProject
Project("{D954291E-2A0B-460D-934E-DC6B0785DB48}") = "InvadersWindowsStoreApp.Shared", "InvadersWindowsStoreApp\InvadersWindowsStoreApp.Shared\InvadersWindowsStoreApp.Shared.shproj", "{A3042E62-D47D-421E-9DC9-1C514B620069}"
EndProject
Project("{FAE04EC0-301F-11D3-BF4B-00C04F79EFBC}") = "InvadersWindowsStoreApp.Windows", "InvadersWindowsStoreApp\InvadersWindowsStoreApp.Windows\InvadersWindowsStoreApp.Windows.csproj", "{290B3250-9C53-4602-810B-2DD368A5C01E}"
EndProject
Project("{FAE04EC0-301F-11D3-BF4B-00C04F79EFBC}") = "UnitTestInvaders", "UnitTestInvaders\UnitTestInvaders.csproj", "{45033FF7-7A73-448D-9980-E5E6D4AA1A03}"
EndProject
Global
	GlobalSection(SharedMSBuildProjectFiles) = preSolution
		InvadersWindowsStoreApp\InvadersWindowsStoreApp.Shared\InvadersWindowsStoreApp.Shared.projitems*{290b3250-9c53-4602-810b-2dd368a5c01e}*SharedItemsImports = 4
		InvadersWindowsStoreApp\InvadersWindowsStoreApp.Shared\InvadersWindowsStoreApp.Shared.projitems*{a3042e62-d47d-421e-9dc9-1c514b620069}*SharedItemsImports = 13
	EndGlobalSection
	GlobalSection(SolutionConfigurationPlatforms) = preSolution
		Debug|Any CPU = Debug|Any CPU
		Debug|ARM = Debug|ARM
		Debug|x64 = Debug|x64
		Debug|x86 = Debug|x86
		Release|Any CPU = Release|Any CPU
		Release|ARM = Release|ARM
		Release|x64 = Release|x64
		Release|x86 = Release|x86
	EndGlobalSection
	GlobalSection(ProjectConfigurationPlatforms) = postSolution
		{290B3250-9C53-4602-810B-2DD368A5C01E}.Debug|Any CPU.ActiveCfg = Debug|Any CPU
		{290B3250-9C53-4602-810B-2DD368A5C01E}.Debug|Any CPU.Build.0 = Debug|Any CPU
		{290B3250-9C53-4602-810B-2DD368A5C01E}.Debug|Any CPU.Deploy.0 = Debug|Any CPU
		{290B3250-9C53-4602-810B-2DD368A5C01E}.Debug|ARM.ActiveCfg = Debug|ARM
		{290B3250-9C53-4602-810B-2DD368A5C01E}.Debug|ARM.Build.0 = Debug|ARM
		{290B3250-9C53-4602-810B-2DD368A5C01E}.Debug|ARM.Deploy.0 = Debug|ARM
		{290B3250-9C53-4602-810B-2DD368A5C01E}.Debug|x64.ActiveCfg = Debug|x64
		{290B3250-9C53-4602-810B-2DD368A5C01E}.Debug|x64.Build.0 = Debug|x64
		{290B3250-9C53-4602-810B-2DD368A5C01E}.Debug|x64.Deploy.0 = Debug|x64
		{290B3250-9C53-4602-810B-2DD368A5C01E}.Debug|x86.ActiveCfg = Debug|x86
		{290B3250-9C53-4602-810B-2DD368A5C01E}.Debug|x86.Build.0 = Debug|x86
		{290B3250-9C53-4602-810B-2DD368A5C01E}.Debug|x86.Deploy.0 = Debug|x86
		{290B3250-9C53-4602-810B-2DD368A5C01E}.Release|Any CPU.ActiveCfg = Release|Any CPU
		{290B3250-9C53-4602-810B-2DD368A5C01E}.Release|Any CPU.Build.0 = Release|Any CPU
		{290B3250-9C53-4602-810B-2DD368A5C01E}.Release|Any CPU.Deploy.0 = Release|Any CPU
		{290B3250-9C53-4602-810B-2DD368A5C01E}.Release|ARM.ActiveCfg = Release|ARM
		{290B3250-9C53-4602-810B-2DD368A5C01E}.Release|ARM.Build.0 = Release|ARM
		{290B3250-9C53-4602-810B-2DD368A5C01E}.Release|ARM.Deploy.0 = Release|ARM
		{290B3250-9C53-4602-810B-2DD368A5C01E}.Release|x64.ActiveCfg = Release|x64
		{290B3250-9C53-4602-810B-2DD368A5C01E}.Release|x64.Build.0 = Release|x64
		{290B3250-9C53-4602-810B-2DD368A5C01E}.Release|x64.Deploy.0 = Release|x64
		{290B3250-9C53-4602-810B-2DD368A5C01E}.Release|x86.ActiveCfg = Release|x86
		{290B3250-9C53-4602-810B-2DD368A5C01E}.Release|x86.Build.0 = Release|x86
		{290B3250-9C53-4602-810B-2DD368A5C01E}.Release|x86.Deploy.0 = Release|x86
		{45033FF7-7A73-448D-9980-E5E6D4AA1A03}.Debug|Any CPU.ActiveCfg = Debug|Any CPU
		{45033FF7-7A73-448D-9980-E5E6D4AA1A03}.Debug|Any CPU.Build.0 = Debug|Any CPU
		{45033FF7-7A73-448D-9980-E5E6D4AA1A03}.Debug|Any CPU.Deploy.0 = Debug|Any CPU
		{45033FF7-7A73-448D-9980-E5E6D4AA1A03}.Debug|ARM.ActiveCfg = Debug|ARM
		{45033FF7-7A73-448D-9980-E5E6D4AA1A03}.Debug|ARM.Build.0 = Debug|ARM
		{45033FF7-7A73-448D-9980-E5E6D4AA1A03}.Debug|ARM.Deploy.0 = Debug|ARM
		{45033FF7-7A73-448D-9980-E5E6D4AA1A03}.Debug|x64.ActiveCfg = Debug|x64
		{45033FF7-7A73-448D-9980-E5E6D4AA1A03}.Debug|x64.Build.0 = Debug|x64
		{45033FF7-7A73-448D-9980-E5E6D4AA1A03}.Debug|x64.Deploy.0 = Debug|x64
		{45033FF7-7A73-448D-9980-E5E6D4AA1A03}.Debug|x86.ActiveCfg = Debug|x86
		{45033FF7-7A73-448D-9980-E5E6D4AA1A03}.Debug|x86.Build.0 = Debug|x86
		{45033FF7-7A73-448D-9980-E5E6D4AA1A03}.Debug|x86.Deploy.0 = Debug|x86
		{45033FF7-7A73-448D-9980-E5E6D4AA1A03}.Release|Any CPU.ActiveCfg = Release|Any CPU
		{45033FF7-7A73-448D-9980-E5E6D4AA1A03}.Release|Any CPU.Build.0 = Release|Any CPU
		{45033FF7-7A73-448D-9980-E5E6D4AA1A03}.Release|Any CPU.Deploy.0 = Release|Any CPU
		{45033FF7-7A73-448D-9980-E5E6D4AA1A03}.Release|ARM.ActiveCfg = Release|ARM
		{45033FF7-7A73-448D-9980-E5E6D4AA1A03}.Release|ARM.Build.0 = Release|ARM
		{45033FF7-7A73-448D-9980-E5E6D4AA1A03}.Release|ARM.Deploy.0 = Release|ARM
		{45033FF7-7A73-448D-9980-E5E6D4AA1A03}.Release|x64.ActiveCfg = Release|x64
		{45033FF7-7A73-448D-9980-E5E6D4AA1A03}.Release|x64.Build.0 = Release|x64
		{45033FF7-7A73-448D-9980-E5E6D4AA1A03}.Release|x64.Deploy.0 = Release|x64
		{45033FF7-7A73-448D-9980-E5E6D4AA1A03}.Release|x86.ActiveCfg = Release|x86
		{45033FF7-7A73-448D-9980-E5E6D4AA1A03}.Release|x86.Build.0 = Release|x86
		{45033FF7-7A73-448D-9980-E5E6D4AA1A03}.Release|x86.Deploy.0 = Release|x86
	EndGlobalSection
	GlobalSection(SolutionProperties) = preSolution
		HideSolutionNode = FALSE
	EndGlobalSection
	GlobalSection(NestedProjects) = preSolution
		{A3042E62-D47D-421E-9DC9-1C514B620069} = {B6F8D2F0-93D3-4877-B014-D154007F4919}
		{290B3250-9C53-4602-810B-2DD368A5C01E} = {B6F8D2F0-93D3-4877-B014-D154007F4919}
	EndGlobalSection
EndGlobal
